// !$*UTF8*$!
{
	archiveVersion = 1;
	classes = {
	};
	objectVersion = 46;
	objects = {

/* Begin PBXBuildFile section */
		21066D411CF8F12500BB26EA /* UpdateDialogView.swift in Sources */ = {isa = PBXBuildFile; fileRef = 21066D401CF8F12500BB26EA /* UpdateDialogView.swift */; };
		21066D431CF908E400BB26EA /* ConnectivityReach.swift in Sources */ = {isa = PBXBuildFile; fileRef = 21066D421CF908E400BB26EA /* ConnectivityReach.swift */; };
		21066D4C1CFA266000BB26EA /* AdMob.strings in Resources */ = {isa = PBXBuildFile; fileRef = 21066D4B1CFA266000BB26EA /* AdMob.strings */; };
		210C5F641CF724EA000D993E /* AmtAgency.zip in Resources */ = {isa = PBXBuildFile; fileRef = 210C5F621CF724EA000D993E /* AmtAgency.zip */; };
		210C5F651CF724EA000D993E /* StmAgency.zip in Resources */ = {isa = PBXBuildFile; fileRef = 210C5F631CF724EA000D993E /* StmAgency.zip */; };
		212CB5A01C4D319B00C062C4 /* AppDelegate.swift in Sources */ = {isa = PBXBuildFile; fileRef = 212CB59F1C4D319B00C062C4 /* AppDelegate.swift */; };
		212CB5A51C4D319B00C062C4 /* Main.storyboard in Resources */ = {isa = PBXBuildFile; fileRef = 212CB5A31C4D319B00C062C4 /* Main.storyboard */; };
		212CB5B51C4D319B00C062C4 /* MonTransitUITests.swift in Sources */ = {isa = PBXBuildFile; fileRef = 212CB5B41C4D319B00C062C4 /* MonTransitUITests.swift */; };
		214C9AF21C5954520099BC1B /* NearestObject.swift in Sources */ = {isa = PBXBuildFile; fileRef = 214C9AF11C5954520099BC1B /* NearestObject.swift */; };
		214C9AFB1C59658D0099BC1B /* NearestViewController.swift in Sources */ = {isa = PBXBuildFile; fileRef = 214C9AFA1C59658D0099BC1B /* NearestViewController.swift */; };
		2163E8B91CF79E2C00570155 /* FBCustomAnnotation.swift in Sources */ = {isa = PBXBuildFile; fileRef = 2163E8B81CF79E2C00570155 /* FBCustomAnnotation.swift */; };
		219385291C53CD46006D1F33 /* MapStopViewController.swift in Sources */ = {isa = PBXBuildFile; fileRef = 219385281C53CD46006D1F33 /* MapStopViewController.swift */; };
		219385411C540D85006D1F33 /* SwiftNotice.swift in Sources */ = {isa = PBXBuildFile; fileRef = 219385401C540D85006D1F33 /* SwiftNotice.swift */; };
		219385431C5687E0006D1F33 /* RoundedButton.swift in Sources */ = {isa = PBXBuildFile; fileRef = 219385421C5687E0006D1F33 /* RoundedButton.swift */; };
		219385451C5692B3006D1F33 /* CompleteHourViewController.swift in Sources */ = {isa = PBXBuildFile; fileRef = 219385441C5692B3006D1F33 /* CompleteHourViewController.swift */; };
		219385471C56DF52006D1F33 /* DatePickerDialog.swift in Sources */ = {isa = PBXBuildFile; fileRef = 219385461C56DF52006D1F33 /* DatePickerDialog.swift */; };
		219385491C56FC5D006D1F33 /* DateUtils.swift in Sources */ = {isa = PBXBuildFile; fileRef = 219385481C56FC5D006D1F33 /* DateUtils.swift */; };
		21A2CC221C66C5B000C6E031 /* ZipLoader.swift in Sources */ = {isa = PBXBuildFile; fileRef = 21A2CC211C66C5B000C6E031 /* ZipLoader.swift */; };
		21ACB8711CF61C5D004EFCB0 /* Localizable.strings in Resources */ = {isa = PBXBuildFile; fileRef = 21ACB8731CF61C5D004EFCB0 /* Localizable.strings */; };
		21ACB8751CF61E4A004EFCB0 /* PopUpViewController.xib in Resources */ = {isa = PBXBuildFile; fileRef = 21ACB8771CF61E4A004EFCB0 /* PopUpViewController.xib */; };
		21ACB87A1CF61E71004EFCB0 /* PopUpViewController_iPhone6.xib in Resources */ = {isa = PBXBuildFile; fileRef = 21ACB87C1CF61E71004EFCB0 /* PopUpViewController_iPhone6.xib */; };
		21ACB87F1CF61E78004EFCB0 /* PopUpViewController_iPhone6Plus.xib in Resources */ = {isa = PBXBuildFile; fileRef = 21ACB8811CF61E78004EFCB0 /* PopUpViewController_iPhone6Plus.xib */; };
		21ACB8851CF6627A004EFCB0 /* Agencies.xml in Resources */ = {isa = PBXBuildFile; fileRef = 21ACB8841CF6627A004EFCB0 /* Agencies.xml */; };
		21ACB8871CF66E7D004EFCB0 /* XmlParser.swift in Sources */ = {isa = PBXBuildFile; fileRef = 21ACB8861CF66E7D004EFCB0 /* XmlParser.swift */; };
		21C51C171C6040740060817A /* EventDispatcher.swift in Sources */ = {isa = PBXBuildFile; fileRef = 21C51C161C6040740060817A /* EventDispatcher.swift */; };
		21C51C261C6292260060817A /* JsonAgencyAlert.swift in Sources */ = {isa = PBXBuildFile; fileRef = 21C51C241C6292260060817A /* JsonAgencyAlert.swift */; };
		21C51CC51C644E870060817A /* SwiftSWRevealViewController.swift in Sources */ = {isa = PBXBuildFile; fileRef = 21C51CC41C644E870060817A /* SwiftSWRevealViewController.swift */; };
		21C51CC71C64F5A80060817A /* LoadingViewController.swift in Sources */ = {isa = PBXBuildFile; fileRef = 21C51CC61C64F5A80060817A /* LoadingViewController.swift */; };
		21C5DC091C6BAF2600EA514E /* iAdBannerView.swift in Sources */ = {isa = PBXBuildFile; fileRef = 21C5DC081C6BAF2600EA514E /* iAdBannerView.swift */; };
		21C5DC5C1C6D244100EA514E /* PopUpViewControllerSwift.swift in Sources */ = {isa = PBXBuildFile; fileRef = 21C5DC561C6D244100EA514E /* PopUpViewControllerSwift.swift */; };
		21C5DC5F1C6E84CC00EA514E /* CustomMapViewCell.swift in Sources */ = {isa = PBXBuildFile; fileRef = 21C5DC5D1C6E84CC00EA514E /* CustomMapViewCell.swift */; };
		21C5DC601C6E84CC00EA514E /* CustomMapViewCell.xib in Resources */ = {isa = PBXBuildFile; fileRef = 21C5DC5E1C6E84CC00EA514E /* CustomMapViewCell.xib */; };
		21CE85441C5ABB48004BE8EB /* NearestStationViewCell.swift in Sources */ = {isa = PBXBuildFile; fileRef = 21CE85431C5ABB48004BE8EB /* NearestStationViewCell.swift */; };
		21E2DD851C6940BF00522702 /* AgencyProtocol.swift in Sources */ = {isa = PBXBuildFile; fileRef = 21E2DD841C6940BF00522702 /* AgencyProtocol.swift */; };
		21E2DD941C694F4800522702 /* AgencyManager.swift in Sources */ = {isa = PBXBuildFile; fileRef = 21E2DD931C694F4800522702 /* AgencyManager.swift */; };
		21EC37A11C4D3DB700343377 /* LaunchScreen.xib in Resources */ = {isa = PBXBuildFile; fileRef = 21EC379F1C4D3DB700343377 /* LaunchScreen.xib */; };
		21EC37B71C4D77F200343377 /* CoreLocation.framework in Frameworks */ = {isa = PBXBuildFile; fileRef = 21EC37B61C4D77F200343377 /* CoreLocation.framework */; };
		21EC37B91C4D825300343377 /* CLLocationCoordinate2D.swift in Sources */ = {isa = PBXBuildFile; fileRef = 21EC37B81C4D825300343377 /* CLLocationCoordinate2D.swift */; };
		21EC37BB1C4DCEC500343377 /* StringUtils.swift in Sources */ = {isa = PBXBuildFile; fileRef = 21EC37BA1C4DCEC500343377 /* StringUtils.swift */; };
		21EC37C11C4E864000343377 /* StopViewController.swift in Sources */ = {isa = PBXBuildFile; fileRef = 21EC37C01C4E864000343377 /* StopViewController.swift */; };
		21EC37C51C4E873800343377 /* StopImageView.swift in Sources */ = {isa = PBXBuildFile; fileRef = 21EC37C31C4E873800343377 /* StopImageView.swift */; };
		21EC37C81C4E88CC00343377 /* Images.xcassets in Resources */ = {isa = PBXBuildFile; fileRef = 21EC37C71C4E88CC00343377 /* Images.xcassets */; };
		21EC37DA1C500AB100343377 /* FavoritesDataProviderHelper.swift in Sources */ = {isa = PBXBuildFile; fileRef = 21EC37D91C500AB100343377 /* FavoritesDataProviderHelper.swift */; };
		21EC37DC1C50249F00343377 /* FavoriteObject.swift in Sources */ = {isa = PBXBuildFile; fileRef = 21EC37DB1C50249F00343377 /* FavoriteObject.swift */; };
		21EC37DE1C50364B00343377 /* FavoritesViewController.swift in Sources */ = {isa = PBXBuildFile; fileRef = 21EC37DD1C50364B00343377 /* FavoritesViewController.swift */; };
		21ECA1B21C512A5F00343377 /* Agency.swift in Sources */ = {isa = PBXBuildFile; fileRef = 21ECA1B11C512A5F00343377 /* Agency.swift */; };
		21ECA1B41C51D0E200343377 /* FavoriteTableViewCell.swift in Sources */ = {isa = PBXBuildFile; fileRef = 21ECA1B31C51D0E200343377 /* FavoriteTableViewCell.swift */; };
		21F375141C4D34C200BB76F9 /* ic_launcher.png in Resources */ = {isa = PBXBuildFile; fileRef = 21F375121C4D34C200BB76F9 /* ic_launcher.png */; };
		21F3751B1C4D350000BB76F9 /* ColorUtils.swift in Sources */ = {isa = PBXBuildFile; fileRef = 21F375191C4D350000BB76F9 /* ColorUtils.swift */; };
		21F3751C1C4D350000BB76F9 /* File.swift in Sources */ = {isa = PBXBuildFile; fileRef = 21F3751A1C4D350000BB76F9 /* File.swift */; };
		21F3758C1C4D351400BB76F9 /* BusDataProviderHelper.swift in Sources */ = {isa = PBXBuildFile; fileRef = 21F3751F1C4D351400BB76F9 /* BusDataProviderHelper.swift */; };
		21F3758D1C4D351400BB76F9 /* ServiceDateDataProvider.swift in Sources */ = {isa = PBXBuildFile; fileRef = 21F375201C4D351400BB76F9 /* ServiceDateDataProvider.swift */; };
		21F3758E1C4D351400BB76F9 /* StationDataProviderHelper.swift in Sources */ = {isa = PBXBuildFile; fileRef = 21F375211C4D351400BB76F9 /* StationDataProviderHelper.swift */; };
		21F3758F1C4D351400BB76F9 /* StopDataProvider.swift in Sources */ = {isa = PBXBuildFile; fileRef = 21F375221C4D351400BB76F9 /* StopDataProvider.swift */; };
		21F375901C4D351400BB76F9 /* TripDataProviderHelper.swift in Sources */ = {isa = PBXBuildFile; fileRef = 21F375231C4D351400BB76F9 /* TripDataProviderHelper.swift */; };
		21F375C81C4D351400BB76F9 /* BusObject.swift in Sources */ = {isa = PBXBuildFile; fileRef = 21F375741C4D351400BB76F9 /* BusObject.swift */; };
		21F375C91C4D351400BB76F9 /* GTFSTimeObject.swift in Sources */ = {isa = PBXBuildFile; fileRef = 21F375751C4D351400BB76F9 /* GTFSTimeObject.swift */; };
		21F375CA1C4D351400BB76F9 /* StationObject.swift in Sources */ = {isa = PBXBuildFile; fileRef = 21F375761C4D351400BB76F9 /* StationObject.swift */; };
		21F375CC1C4D351400BB76F9 /* TripObject.swift in Sources */ = {isa = PBXBuildFile; fileRef = 21F375781C4D351400BB76F9 /* TripObject.swift */; };
		21F375D91C4D351400BB76F9 /* SQLProvider.swift in Sources */ = {isa = PBXBuildFile; fileRef = 21F3758B1C4D351400BB76F9 /* SQLProvider.swift */; };
		21F376261C4D359500BB76F9 /* BusTableViewController.swift in Sources */ = {isa = PBXBuildFile; fileRef = 21F3761F1C4D359500BB76F9 /* BusTableViewController.swift */; };
		21F376271C4D359500BB76F9 /* DirectionViewController.swift in Sources */ = {isa = PBXBuildFile; fileRef = 21F376201C4D359500BB76F9 /* DirectionViewController.swift */; };
		21F376281C4D359500BB76F9 /* MapViewController.swift in Sources */ = {isa = PBXBuildFile; fileRef = 21F376211C4D359500BB76F9 /* MapViewController.swift */; };
		21F376291C4D359500BB76F9 /* MenuController.swift in Sources */ = {isa = PBXBuildFile; fileRef = 21F376221C4D359500BB76F9 /* MenuController.swift */; };
		21F3762B1C4D359500BB76F9 /* StationsViewController.swift in Sources */ = {isa = PBXBuildFile; fileRef = 21F376241C4D359500BB76F9 /* StationsViewController.swift */; };
		21F376311C4D360600BB76F9 /* BusTableViewCell.swift in Sources */ = {isa = PBXBuildFile; fileRef = 21F3762D1C4D360600BB76F9 /* BusTableViewCell.swift */; };
		21F376321C4D360600BB76F9 /* DirectionTableViewCell.swift in Sources */ = {isa = PBXBuildFile; fileRef = 21F3762E1C4D360600BB76F9 /* DirectionTableViewCell.swift */; };
		21F376331C4D360600BB76F9 /* StationTableViewCell.swift in Sources */ = {isa = PBXBuildFile; fileRef = 21F3762F1C4D360600BB76F9 /* StationTableViewCell.swift */; };
		21F376341C4D360600BB76F9 /* StopTableViewCell.swift in Sources */ = {isa = PBXBuildFile; fileRef = 21F376301C4D360600BB76F9 /* StopTableViewCell.swift */; };
		21F3763B1C4D362500BB76F9 /* MapKit.framework in Frameworks */ = {isa = PBXBuildFile; fileRef = 21F3763A1C4D362400BB76F9 /* MapKit.framework */; };
		21F376401C4D3C8D00BB76F9 /* SWRevealViewController.m in Sources */ = {isa = PBXBuildFile; fileRef = 21F3763F1C4D3C8D00BB76F9 /* SWRevealViewController.m */; };
		7FD6DAF88ED6CF5C9E10EE0C /* Pods_MonTransit.framework in Frameworks */ = {isa = PBXBuildFile; fileRef = DCAC6D56D0F5E9B471A3483D /* Pods_MonTransit.framework */; };
/* End PBXBuildFile section */

/* Begin PBXContainerItemProxy section */
		212CB5B11C4D319B00C062C4 /* PBXContainerItemProxy */ = {
			isa = PBXContainerItemProxy;
			containerPortal = 212CB5941C4D319B00C062C4 /* Project object */;
			proxyType = 1;
			remoteGlobalIDString = 212CB59B1C4D319B00C062C4;
			remoteInfo = MonTransit;
		};
/* End PBXContainerItemProxy section */

/* Begin PBXCopyFilesBuildPhase section */
		21F376391C4D361D00BB76F9 /* Embed Frameworks */ = {
			isa = PBXCopyFilesBuildPhase;
			buildActionMask = 2147483647;
			dstPath = "";
			dstSubfolderSpec = 10;
			files = (
			);
			name = "Embed Frameworks";
			runOnlyForDeploymentPostprocessing = 0;
		};
/* End PBXCopyFilesBuildPhase section */

/* Begin PBXFileReference section */
		21066D401CF8F12500BB26EA /* UpdateDialogView.swift */ = {isa = PBXFileReference; fileEncoding = 4; lastKnownFileType = sourcecode.swift; path = UpdateDialogView.swift; sourceTree = "<group>"; };
		21066D421CF908E400BB26EA /* ConnectivityReach.swift */ = {isa = PBXFileReference; fileEncoding = 4; lastKnownFileType = sourcecode.swift; path = ConnectivityReach.swift; sourceTree = "<group>"; };
		21066D4B1CFA266000BB26EA /* AdMob.strings */ = {isa = PBXFileReference; fileEncoding = 4; lastKnownFileType = text.plist.strings; name = AdMob.strings; path = MonTransit/Resources/AdMob.strings; sourceTree = "<group>"; };
		210C5F621CF724EA000D993E /* AmtAgency.zip */ = {isa = PBXFileReference; lastKnownFileType = archive.zip; name = AmtAgency.zip; path = MonTransit/Resources/AgencyData/AmtAgency.zip; sourceTree = "<group>"; };
		210C5F631CF724EA000D993E /* StmAgency.zip */ = {isa = PBXFileReference; lastKnownFileType = archive.zip; name = StmAgency.zip; path = MonTransit/Resources/AgencyData/StmAgency.zip; sourceTree = "<group>"; };
		212CB59C1C4D319B00C062C4 /* MonTransit.app */ = {isa = PBXFileReference; explicitFileType = wrapper.application; includeInIndex = 0; path = MonTransit.app; sourceTree = BUILT_PRODUCTS_DIR; };
		212CB59F1C4D319B00C062C4 /* AppDelegate.swift */ = {isa = PBXFileReference; lastKnownFileType = sourcecode.swift; path = AppDelegate.swift; sourceTree = "<group>"; };
		212CB5A41C4D319B00C062C4 /* Base */ = {isa = PBXFileReference; lastKnownFileType = file.storyboard; name = Base; path = Base.lproj/Main.storyboard; sourceTree = "<group>"; };
		212CB5B01C4D319B00C062C4 /* MonTransitUITests.xctest */ = {isa = PBXFileReference; explicitFileType = wrapper.cfbundle; includeInIndex = 0; path = MonTransitUITests.xctest; sourceTree = BUILT_PRODUCTS_DIR; };
		212CB5B41C4D319B00C062C4 /* MonTransitUITests.swift */ = {isa = PBXFileReference; lastKnownFileType = sourcecode.swift; path = MonTransitUITests.swift; sourceTree = "<group>"; };
		212CB5B61C4D319B00C062C4 /* Info.plist */ = {isa = PBXFileReference; lastKnownFileType = text.plist.xml; path = Info.plist; sourceTree = "<group>"; };
		214C9AF11C5954520099BC1B /* NearestObject.swift */ = {isa = PBXFileReference; fileEncoding = 4; lastKnownFileType = sourcecode.swift; path = NearestObject.swift; sourceTree = "<group>"; };
		214C9AFA1C59658D0099BC1B /* NearestViewController.swift */ = {isa = PBXFileReference; fileEncoding = 4; lastKnownFileType = sourcecode.swift; path = NearestViewController.swift; sourceTree = "<group>"; };
		2162A9771CF7F2CB0048DD5A /* Base */ = {isa = PBXFileReference; lastKnownFileType = text.plist.xml; name = Base; path = Base.lproj/Info.plist; sourceTree = "<group>"; };
		2162A9791CF7F2CE0048DD5A /* fr */ = {isa = PBXFileReference; lastKnownFileType = text.plist.xml; name = fr; path = fr.lproj/Info.plist; sourceTree = "<group>"; };
		2163E8B81CF79E2C00570155 /* FBCustomAnnotation.swift */ = {isa = PBXFileReference; fileEncoding = 4; lastKnownFileType = sourcecode.swift; name = FBCustomAnnotation.swift; path = FBAnnotations/FBCustomAnnotation.swift; sourceTree = "<group>"; };
		219385281C53CD46006D1F33 /* MapStopViewController.swift */ = {isa = PBXFileReference; fileEncoding = 4; lastKnownFileType = sourcecode.swift; path = MapStopViewController.swift; sourceTree = "<group>"; };
		219385401C540D85006D1F33 /* SwiftNotice.swift */ = {isa = PBXFileReference; fileEncoding = 4; lastKnownFileType = sourcecode.swift; path = SwiftNotice.swift; sourceTree = "<group>"; };
		219385421C5687E0006D1F33 /* RoundedButton.swift */ = {isa = PBXFileReference; fileEncoding = 4; lastKnownFileType = sourcecode.swift; path = RoundedButton.swift; sourceTree = "<group>"; };
		219385441C5692B3006D1F33 /* CompleteHourViewController.swift */ = {isa = PBXFileReference; fileEncoding = 4; lastKnownFileType = sourcecode.swift; path = CompleteHourViewController.swift; sourceTree = "<group>"; };
		219385461C56DF52006D1F33 /* DatePickerDialog.swift */ = {isa = PBXFileReference; fileEncoding = 4; lastKnownFileType = sourcecode.swift; path = DatePickerDialog.swift; sourceTree = "<group>"; };
		219385481C56FC5D006D1F33 /* DateUtils.swift */ = {isa = PBXFileReference; fileEncoding = 4; lastKnownFileType = sourcecode.swift; path = DateUtils.swift; sourceTree = "<group>"; };
		21A2CC211C66C5B000C6E031 /* ZipLoader.swift */ = {isa = PBXFileReference; fileEncoding = 4; lastKnownFileType = sourcecode.swift; name = ZipLoader.swift; path = Zip/ZipLoader.swift; sourceTree = "<group>"; };
		21ACB86C1CF5FCD0004EFCB0 /* fr */ = {isa = PBXFileReference; lastKnownFileType = text.plist.strings; name = fr; path = fr.lproj/Main.strings; sourceTree = "<group>"; };
		21ACB86D1CF5FCD1004EFCB0 /* fr */ = {isa = PBXFileReference; lastKnownFileType = text.plist.strings; name = fr; path = fr.lproj/LaunchScreen.strings; sourceTree = "<group>"; };
		21ACB8721CF61C5D004EFCB0 /* Base */ = {isa = PBXFileReference; lastKnownFileType = text.plist.strings; name = Base; path = Base.lproj/Localizable.strings; sourceTree = "<group>"; };
		21ACB8741CF61C68004EFCB0 /* fr */ = {isa = PBXFileReference; lastKnownFileType = text.plist.strings; name = fr; path = fr.lproj/Localizable.strings; sourceTree = "<group>"; };
		21ACB8761CF61E4A004EFCB0 /* Base */ = {isa = PBXFileReference; lastKnownFileType = file.xib; name = Base; path = Base.lproj/PopUpViewController.xib; sourceTree = "<group>"; };
		21ACB8791CF61E61004EFCB0 /* fr */ = {isa = PBXFileReference; lastKnownFileType = text.plist.strings; name = fr; path = fr.lproj/PopUpViewController.strings; sourceTree = "<group>"; };
		21ACB87B1CF61E71004EFCB0 /* Base */ = {isa = PBXFileReference; lastKnownFileType = file.xib; name = Base; path = Base.lproj/PopUpViewController_iPhone6.xib; sourceTree = "<group>"; };
		21ACB87E1CF61E73004EFCB0 /* fr */ = {isa = PBXFileReference; lastKnownFileType = text.plist.strings; name = fr; path = fr.lproj/PopUpViewController_iPhone6.strings; sourceTree = "<group>"; };
		21ACB8801CF61E78004EFCB0 /* Base */ = {isa = PBXFileReference; lastKnownFileType = file.xib; name = Base; path = Base.lproj/PopUpViewController_iPhone6Plus.xib; sourceTree = "<group>"; };
		21ACB8831CF61E7A004EFCB0 /* fr */ = {isa = PBXFileReference; lastKnownFileType = text.plist.strings; name = fr; path = fr.lproj/PopUpViewController_iPhone6Plus.strings; sourceTree = "<group>"; };
		21ACB8841CF6627A004EFCB0 /* Agencies.xml */ = {isa = PBXFileReference; fileEncoding = 4; lastKnownFileType = text.xml; name = Agencies.xml; path = MonTransit/Resources/Agencies.xml; sourceTree = "<group>"; };
		21ACB8861CF66E7D004EFCB0 /* XmlParser.swift */ = {isa = PBXFileReference; fileEncoding = 4; lastKnownFileType = sourcecode.swift; lineEnding = 0; path = XmlParser.swift; sourceTree = "<group>"; xcLanguageSpecificationIdentifier = xcode.lang.swift; };
		21C51C161C6040740060817A /* EventDispatcher.swift */ = {isa = PBXFileReference; fileEncoding = 4; lastKnownFileType = sourcecode.swift; path = EventDispatcher.swift; sourceTree = "<group>"; };
		21C51C241C6292260060817A /* JsonAgencyAlert.swift */ = {isa = PBXFileReference; fileEncoding = 4; lastKnownFileType = sourcecode.swift; name = JsonAgencyAlert.swift; path = Json/JsonAgencyAlert.swift; sourceTree = "<group>"; };
		21C51CC41C644E870060817A /* SwiftSWRevealViewController.swift */ = {isa = PBXFileReference; fileEncoding = 4; lastKnownFileType = sourcecode.swift; path = SwiftSWRevealViewController.swift; sourceTree = "<group>"; };
		21C51CC61C64F5A80060817A /* LoadingViewController.swift */ = {isa = PBXFileReference; fileEncoding = 4; lastKnownFileType = sourcecode.swift; path = LoadingViewController.swift; sourceTree = "<group>"; };
		21C5DC081C6BAF2600EA514E /* iAdBannerView.swift */ = {isa = PBXFileReference; fileEncoding = 4; lastKnownFileType = sourcecode.swift; path = iAdBannerView.swift; sourceTree = "<group>"; };
		21C5DC561C6D244100EA514E /* PopUpViewControllerSwift.swift */ = {isa = PBXFileReference; fileEncoding = 4; lastKnownFileType = sourcecode.swift; path = PopUpViewControllerSwift.swift; sourceTree = "<group>"; };
		21C5DC5D1C6E84CC00EA514E /* CustomMapViewCell.swift */ = {isa = PBXFileReference; fileEncoding = 4; lastKnownFileType = sourcecode.swift; path = CustomMapViewCell.swift; sourceTree = "<group>"; };
		21C5DC5E1C6E84CC00EA514E /* CustomMapViewCell.xib */ = {isa = PBXFileReference; fileEncoding = 4; lastKnownFileType = file.xib; path = CustomMapViewCell.xib; sourceTree = "<group>"; };
		21CE85431C5ABB48004BE8EB /* NearestStationViewCell.swift */ = {isa = PBXFileReference; fileEncoding = 4; lastKnownFileType = sourcecode.swift; path = NearestStationViewCell.swift; sourceTree = "<group>"; };
		21E2DD841C6940BF00522702 /* AgencyProtocol.swift */ = {isa = PBXFileReference; fileEncoding = 4; lastKnownFileType = sourcecode.swift; name = AgencyProtocol.swift; path = Source/Agencies/AgencyProtocol.swift; sourceTree = "<group>"; };
		21E2DD931C694F4800522702 /* AgencyManager.swift */ = {isa = PBXFileReference; fileEncoding = 4; lastKnownFileType = sourcecode.swift; name = AgencyManager.swift; path = Source/Agencies/AgencyManager.swift; sourceTree = "<group>"; };
		21EC37A01C4D3DB700343377 /* Base */ = {isa = PBXFileReference; lastKnownFileType = file.xib; name = Base; path = Base.lproj/LaunchScreen.xib; sourceTree = "<group>"; };
		21EC37B61C4D77F200343377 /* CoreLocation.framework */ = {isa = PBXFileReference; lastKnownFileType = wrapper.framework; name = CoreLocation.framework; path = System/Library/Frameworks/CoreLocation.framework; sourceTree = SDKROOT; };
		21EC37B81C4D825300343377 /* CLLocationCoordinate2D.swift */ = {isa = PBXFileReference; fileEncoding = 4; lastKnownFileType = sourcecode.swift; path = CLLocationCoordinate2D.swift; sourceTree = "<group>"; };
		21EC37BA1C4DCEC500343377 /* StringUtils.swift */ = {isa = PBXFileReference; fileEncoding = 4; lastKnownFileType = sourcecode.swift; path = StringUtils.swift; sourceTree = "<group>"; };
		21EC37C01C4E864000343377 /* StopViewController.swift */ = {isa = PBXFileReference; fileEncoding = 4; lastKnownFileType = sourcecode.swift; path = StopViewController.swift; sourceTree = "<group>"; };
		21EC37C31C4E873800343377 /* StopImageView.swift */ = {isa = PBXFileReference; fileEncoding = 4; lastKnownFileType = sourcecode.swift; path = StopImageView.swift; sourceTree = "<group>"; };
		21EC37C71C4E88CC00343377 /* Images.xcassets */ = {isa = PBXFileReference; lastKnownFileType = folder.assetcatalog; name = Images.xcassets; path = MonTransit/Resources/Images.xcassets; sourceTree = "<group>"; };
		21EC37D91C500AB100343377 /* FavoritesDataProviderHelper.swift */ = {isa = PBXFileReference; fileEncoding = 4; lastKnownFileType = sourcecode.swift; path = FavoritesDataProviderHelper.swift; sourceTree = "<group>"; };
		21EC37DB1C50249F00343377 /* FavoriteObject.swift */ = {isa = PBXFileReference; fileEncoding = 4; lastKnownFileType = sourcecode.swift; path = FavoriteObject.swift; sourceTree = "<group>"; };
		21EC37DD1C50364B00343377 /* FavoritesViewController.swift */ = {isa = PBXFileReference; fileEncoding = 4; lastKnownFileType = sourcecode.swift; path = FavoritesViewController.swift; sourceTree = "<group>"; };
		21ECA1B11C512A5F00343377 /* Agency.swift */ = {isa = PBXFileReference; fileEncoding = 4; lastKnownFileType = sourcecode.swift; lineEnding = 0; name = Agency.swift; path = Source/Agencies/Agency.swift; sourceTree = "<group>"; xcLanguageSpecificationIdentifier = xcode.lang.swift; };
		21ECA1B31C51D0E200343377 /* FavoriteTableViewCell.swift */ = {isa = PBXFileReference; fileEncoding = 4; lastKnownFileType = sourcecode.swift; path = FavoriteTableViewCell.swift; sourceTree = "<group>"; };
		21F375121C4D34C200BB76F9 /* ic_launcher.png */ = {isa = PBXFileReference; lastKnownFileType = image.png; path = ic_launcher.png; sourceTree = "<group>"; };
		21F375191C4D350000BB76F9 /* ColorUtils.swift */ = {isa = PBXFileReference; fileEncoding = 4; lastKnownFileType = sourcecode.swift; path = ColorUtils.swift; sourceTree = "<group>"; };
		21F3751A1C4D350000BB76F9 /* File.swift */ = {isa = PBXFileReference; fileEncoding = 4; lastKnownFileType = sourcecode.swift; path = File.swift; sourceTree = "<group>"; };
		21F3751F1C4D351400BB76F9 /* BusDataProviderHelper.swift */ = {isa = PBXFileReference; fileEncoding = 4; lastKnownFileType = sourcecode.swift; path = BusDataProviderHelper.swift; sourceTree = "<group>"; };
		21F375201C4D351400BB76F9 /* ServiceDateDataProvider.swift */ = {isa = PBXFileReference; fileEncoding = 4; lastKnownFileType = sourcecode.swift; path = ServiceDateDataProvider.swift; sourceTree = "<group>"; };
		21F375211C4D351400BB76F9 /* StationDataProviderHelper.swift */ = {isa = PBXFileReference; fileEncoding = 4; lastKnownFileType = sourcecode.swift; path = StationDataProviderHelper.swift; sourceTree = "<group>"; };
		21F375221C4D351400BB76F9 /* StopDataProvider.swift */ = {isa = PBXFileReference; fileEncoding = 4; lastKnownFileType = sourcecode.swift; path = StopDataProvider.swift; sourceTree = "<group>"; };
		21F375231C4D351400BB76F9 /* TripDataProviderHelper.swift */ = {isa = PBXFileReference; fileEncoding = 4; lastKnownFileType = sourcecode.swift; path = TripDataProviderHelper.swift; sourceTree = "<group>"; };
		21F375741C4D351400BB76F9 /* BusObject.swift */ = {isa = PBXFileReference; fileEncoding = 4; lastKnownFileType = sourcecode.swift; path = BusObject.swift; sourceTree = "<group>"; };
		21F375751C4D351400BB76F9 /* GTFSTimeObject.swift */ = {isa = PBXFileReference; fileEncoding = 4; lastKnownFileType = sourcecode.swift; path = GTFSTimeObject.swift; sourceTree = "<group>"; };
		21F375761C4D351400BB76F9 /* StationObject.swift */ = {isa = PBXFileReference; fileEncoding = 4; lastKnownFileType = sourcecode.swift; path = StationObject.swift; sourceTree = "<group>"; };
		21F375781C4D351400BB76F9 /* TripObject.swift */ = {isa = PBXFileReference; fileEncoding = 4; lastKnownFileType = sourcecode.swift; path = TripObject.swift; sourceTree = "<group>"; };
		21F3758B1C4D351400BB76F9 /* SQLProvider.swift */ = {isa = PBXFileReference; fileEncoding = 4; lastKnownFileType = sourcecode.swift; path = SQLProvider.swift; sourceTree = "<group>"; };
		21F3761F1C4D359500BB76F9 /* BusTableViewController.swift */ = {isa = PBXFileReference; fileEncoding = 4; lastKnownFileType = sourcecode.swift; path = BusTableViewController.swift; sourceTree = "<group>"; };
		21F376201C4D359500BB76F9 /* DirectionViewController.swift */ = {isa = PBXFileReference; fileEncoding = 4; lastKnownFileType = sourcecode.swift; path = DirectionViewController.swift; sourceTree = "<group>"; };
		21F376211C4D359500BB76F9 /* MapViewController.swift */ = {isa = PBXFileReference; fileEncoding = 4; lastKnownFileType = sourcecode.swift; path = MapViewController.swift; sourceTree = "<group>"; };
		21F376221C4D359500BB76F9 /* MenuController.swift */ = {isa = PBXFileReference; fileEncoding = 4; lastKnownFileType = sourcecode.swift; path = MenuController.swift; sourceTree = "<group>"; };
		21F376241C4D359500BB76F9 /* StationsViewController.swift */ = {isa = PBXFileReference; fileEncoding = 4; lastKnownFileType = sourcecode.swift; path = StationsViewController.swift; sourceTree = "<group>"; };
		21F3762D1C4D360600BB76F9 /* BusTableViewCell.swift */ = {isa = PBXFileReference; fileEncoding = 4; lastKnownFileType = sourcecode.swift; path = BusTableViewCell.swift; sourceTree = "<group>"; };
		21F3762E1C4D360600BB76F9 /* DirectionTableViewCell.swift */ = {isa = PBXFileReference; fileEncoding = 4; lastKnownFileType = sourcecode.swift; path = DirectionTableViewCell.swift; sourceTree = "<group>"; };
		21F3762F1C4D360600BB76F9 /* StationTableViewCell.swift */ = {isa = PBXFileReference; fileEncoding = 4; lastKnownFileType = sourcecode.swift; path = StationTableViewCell.swift; sourceTree = "<group>"; };
		21F376301C4D360600BB76F9 /* StopTableViewCell.swift */ = {isa = PBXFileReference; fileEncoding = 4; lastKnownFileType = sourcecode.swift; path = StopTableViewCell.swift; sourceTree = "<group>"; };
		21F3763A1C4D362400BB76F9 /* MapKit.framework */ = {isa = PBXFileReference; lastKnownFileType = wrapper.framework; name = MapKit.framework; path = System/Library/Frameworks/MapKit.framework; sourceTree = SDKROOT; };
		21F3763D1C4D3C8C00BB76F9 /* MonTransit-Bridging-Header.h */ = {isa = PBXFileReference; lastKnownFileType = sourcecode.c.h; name = "MonTransit-Bridging-Header.h"; path = "Source/UI/SWRevealViewController/MonTransit-Bridging-Header.h"; sourceTree = "<group>"; };
		21F3763E1C4D3C8D00BB76F9 /* SWRevealViewController.h */ = {isa = PBXFileReference; fileEncoding = 4; lastKnownFileType = sourcecode.c.h; path = SWRevealViewController.h; sourceTree = "<group>"; };
		21F3763F1C4D3C8D00BB76F9 /* SWRevealViewController.m */ = {isa = PBXFileReference; fileEncoding = 4; lastKnownFileType = sourcecode.c.objc; path = SWRevealViewController.m; sourceTree = "<group>"; };
		9274C21B91C6B403719B1F08 /* Pods-MonTransit.release.xcconfig */ = {isa = PBXFileReference; includeInIndex = 1; lastKnownFileType = text.xcconfig; name = "Pods-MonTransit.release.xcconfig"; path = "Pods/Target Support Files/Pods-MonTransit/Pods-MonTransit.release.xcconfig"; sourceTree = "<group>"; };
		DAE8057557AE367160BFF92E /* Pods-MonTransit.debug.xcconfig */ = {isa = PBXFileReference; includeInIndex = 1; lastKnownFileType = text.xcconfig; name = "Pods-MonTransit.debug.xcconfig"; path = "Pods/Target Support Files/Pods-MonTransit/Pods-MonTransit.debug.xcconfig"; sourceTree = "<group>"; };
		DCAC6D56D0F5E9B471A3483D /* Pods_MonTransit.framework */ = {isa = PBXFileReference; explicitFileType = wrapper.framework; includeInIndex = 0; path = Pods_MonTransit.framework; sourceTree = BUILT_PRODUCTS_DIR; };
/* End PBXFileReference section */

/* Begin PBXFrameworksBuildPhase section */
		212CB5991C4D319B00C062C4 /* Frameworks */ = {
			isa = PBXFrameworksBuildPhase;
			buildActionMask = 2147483647;
			files = (
				21EC37B71C4D77F200343377 /* CoreLocation.framework in Frameworks */,
				21F3763B1C4D362500BB76F9 /* MapKit.framework in Frameworks */,
				7FD6DAF88ED6CF5C9E10EE0C /* Pods_MonTransit.framework in Frameworks */,
			);
			runOnlyForDeploymentPostprocessing = 0;
		};
		212CB5AD1C4D319B00C062C4 /* Frameworks */ = {
			isa = PBXFrameworksBuildPhase;
			buildActionMask = 2147483647;
			files = (
			);
			runOnlyForDeploymentPostprocessing = 0;
		};
/* End PBXFrameworksBuildPhase section */

/* Begin PBXGroup section */
		210C5F5D1CF72409000D993E /* AgencyData */ = {
			isa = PBXGroup;
			children = (
				210C5F621CF724EA000D993E /* AmtAgency.zip */,
				210C5F631CF724EA000D993E /* StmAgency.zip */,
			);
			name = AgencyData;
			sourceTree = "<group>";
		};
		212CB5931C4D319B00C062C4 = {
			isa = PBXGroup;
			children = (
				21C5DC051C6BA3BA00EA514E /* Framework */,
				212CB59E1C4D319B00C062C4 /* MonTransit */,
				212CB5B31C4D319B00C062C4 /* MonTransitUITests */,
				212CB59D1C4D319B00C062C4 /* Products */,
				21F3750F1C4D34AD00BB76F9 /* Resources */,
				A53D25071A7B4293027A5351 /* Pods */,
				4FA64FA67CBCAB0D340D66FB /* Frameworks */,
			);
			sourceTree = "<group>";
		};
		212CB59D1C4D319B00C062C4 /* Products */ = {
			isa = PBXGroup;
			children = (
				212CB59C1C4D319B00C062C4 /* MonTransit.app */,
				212CB5B01C4D319B00C062C4 /* MonTransitUITests.xctest */,
			);
			name = Products;
			sourceTree = "<group>";
		};
		212CB59E1C4D319B00C062C4 /* MonTransit */ = {
			isa = PBXGroup;
			children = (
				21F375171C4D34F800BB76F9 /* Sources */,
				212CB59F1C4D319B00C062C4 /* AppDelegate.swift */,
				212CB5A31C4D319B00C062C4 /* Main.storyboard */,
				21EC379F1C4D3DB700343377 /* LaunchScreen.xib */,
				2162A9781CF7F2CB0048DD5A /* Info.plist */,
				21F3763D1C4D3C8C00BB76F9 /* MonTransit-Bridging-Header.h */,
			);
			path = MonTransit;
			sourceTree = "<group>";
		};
		212CB5B31C4D319B00C062C4 /* MonTransitUITests */ = {
			isa = PBXGroup;
			children = (
				212CB5B41C4D319B00C062C4 /* MonTransitUITests.swift */,
				212CB5B61C4D319B00C062C4 /* Info.plist */,
			);
			path = MonTransitUITests;
			sourceTree = "<group>";
		};
		2163E8B71CF79E1E00570155 /* FBAnnotations */ = {
			isa = PBXGroup;
			children = (
				2163E8B81CF79E2C00570155 /* FBCustomAnnotation.swift */,
			);
			name = FBAnnotations;
			sourceTree = "<group>";
		};
		21C51C1F1C6256970060817A /* Json */ = {
			isa = PBXGroup;
			children = (
				21C51C241C6292260060817A /* JsonAgencyAlert.swift */,
			);
			name = Json;
			sourceTree = "<group>";
		};
		21C51C4C1C643EFA0060817A /* Zip */ = {
			isa = PBXGroup;
			children = (
				21A2CC211C66C5B000C6E031 /* ZipLoader.swift */,
			);
			name = Zip;
			sourceTree = "<group>";
		};
		21C5DC051C6BA3BA00EA514E /* Framework */ = {
			isa = PBXGroup;
			children = (
				21EC37B61C4D77F200343377 /* CoreLocation.framework */,
				21F3763A1C4D362400BB76F9 /* MapKit.framework */,
			);
			name = Framework;
			sourceTree = "<group>";
		};
		21C5DC501C6D244100EA514E /* PopUp */ = {
			isa = PBXGroup;
			children = (
				21ACB8771CF61E4A004EFCB0 /* PopUpViewController.xib */,
				21ACB87C1CF61E71004EFCB0 /* PopUpViewController_iPhone6.xib */,
				21ACB8811CF61E78004EFCB0 /* PopUpViewController_iPhone6Plus.xib */,
				21C5DC561C6D244100EA514E /* PopUpViewControllerSwift.swift */,
				21C5DC5D1C6E84CC00EA514E /* CustomMapViewCell.swift */,
				21C5DC5E1C6E84CC00EA514E /* CustomMapViewCell.xib */,
			);
			path = PopUp;
			sourceTree = "<group>";
		};
		21EC37C21C4E873800343377 /* CustomControl */ = {
			isa = PBXGroup;
			children = (
				2163E8B71CF79E1E00570155 /* FBAnnotations */,
				21C5DC501C6D244100EA514E /* PopUp */,
				21EC37C31C4E873800343377 /* StopImageView.swift */,
				219385401C540D85006D1F33 /* SwiftNotice.swift */,
				219385421C5687E0006D1F33 /* RoundedButton.swift */,
				21066D401CF8F12500BB26EA /* UpdateDialogView.swift */,
				219385461C56DF52006D1F33 /* DatePickerDialog.swift */,
			);
			name = CustomControl;
			path = Source/UI/CustomControl;
			sourceTree = "<group>";
		};
		21ECA1B01C512A3B00343377 /* Agencies */ = {
			isa = PBXGroup;
			children = (
				21ECA1B11C512A5F00343377 /* Agency.swift */,
				21E2DD841C6940BF00522702 /* AgencyProtocol.swift */,
				21E2DD931C694F4800522702 /* AgencyManager.swift */,
			);
			name = Agencies;
			sourceTree = "<group>";
		};
		21F3750F1C4D34AD00BB76F9 /* Resources */ = {
			isa = PBXGroup;
			children = (
				210C5F5D1CF72409000D993E /* AgencyData */,
				21EC37C71C4E88CC00343377 /* Images.xcassets */,
				21F375111C4D34C200BB76F9 /* images */,
				21ACB8731CF61C5D004EFCB0 /* Localizable.strings */,
				21ACB8841CF6627A004EFCB0 /* Agencies.xml */,
				21066D4B1CFA266000BB26EA /* AdMob.strings */,
			);
			name = Resources;
			sourceTree = "<group>";
		};
		21F375111C4D34C200BB76F9 /* images */ = {
			isa = PBXGroup;
			children = (
				21F375121C4D34C200BB76F9 /* ic_launcher.png */,
			);
			name = images;
			path = MonTransit/Resources/images;
			sourceTree = "<group>";
		};
		21F375171C4D34F800BB76F9 /* Sources */ = {
			isa = PBXGroup;
			children = (
				21ECA1B01C512A3B00343377 /* Agencies */,
				21F3760D1C4D354100BB76F9 /* UI */,
				21F3751D1C4D351400BB76F9 /* SQL */,
				21F375181C4D350000BB76F9 /* Utils */,
			);
			name = Sources;
			sourceTree = "<group>";
		};
		21F375181C4D350000BB76F9 /* Utils */ = {
			isa = PBXGroup;
			children = (
				21C51C4C1C643EFA0060817A /* Zip */,
				21C51C1F1C6256970060817A /* Json */,
				21C51C161C6040740060817A /* EventDispatcher.swift */,
				21F375191C4D350000BB76F9 /* ColorUtils.swift */,
				21F3751A1C4D350000BB76F9 /* File.swift */,
				21EC37B81C4D825300343377 /* CLLocationCoordinate2D.swift */,
				21EC37BA1C4DCEC500343377 /* StringUtils.swift */,
				219385481C56FC5D006D1F33 /* DateUtils.swift */,
				21C5DC081C6BAF2600EA514E /* iAdBannerView.swift */,
				21ACB8861CF66E7D004EFCB0 /* XmlParser.swift */,
				21066D421CF908E400BB26EA /* ConnectivityReach.swift */,
			);
			name = Utils;
			path = Source/Utils;
			sourceTree = "<group>";
		};
		21F3751D1C4D351400BB76F9 /* SQL */ = {
			isa = PBXGroup;
			children = (
				21F3751E1C4D351400BB76F9 /* SQLHelper */,
				21F375731C4D351400BB76F9 /* SQLObject */,
				21F3758B1C4D351400BB76F9 /* SQLProvider.swift */,
			);
			name = SQL;
			path = Source/SQL;
			sourceTree = "<group>";
		};
		21F3751E1C4D351400BB76F9 /* SQLHelper */ = {
			isa = PBXGroup;
			children = (
				21F3751F1C4D351400BB76F9 /* BusDataProviderHelper.swift */,
				21F375201C4D351400BB76F9 /* ServiceDateDataProvider.swift */,
				21F375211C4D351400BB76F9 /* StationDataProviderHelper.swift */,
				21F375221C4D351400BB76F9 /* StopDataProvider.swift */,
				21F375231C4D351400BB76F9 /* TripDataProviderHelper.swift */,
				21EC37D91C500AB100343377 /* FavoritesDataProviderHelper.swift */,
			);
			path = SQLHelper;
			sourceTree = "<group>";
		};
		21F375731C4D351400BB76F9 /* SQLObject */ = {
			isa = PBXGroup;
			children = (
				21F375741C4D351400BB76F9 /* BusObject.swift */,
				21F375751C4D351400BB76F9 /* GTFSTimeObject.swift */,
				21F375761C4D351400BB76F9 /* StationObject.swift */,
				21F375781C4D351400BB76F9 /* TripObject.swift */,
				21EC37DB1C50249F00343377 /* FavoriteObject.swift */,
				214C9AF11C5954520099BC1B /* NearestObject.swift */,
			);
			path = SQLObject;
			sourceTree = "<group>";
		};
		21F3760D1C4D354100BB76F9 /* UI */ = {
			isa = PBXGroup;
			children = (
				21EC37C21C4E873800343377 /* CustomControl */,
				21F3761E1C4D359500BB76F9 /* ViewController */,
				21F376151C4D356B00BB76F9 /* ViewCell */,
				21F376101C4D355D00BB76F9 /* SWRevealViewController */,
			);
			name = UI;
			sourceTree = "<group>";
		};
		21F376101C4D355D00BB76F9 /* SWRevealViewController */ = {
			isa = PBXGroup;
			children = (
				21F3763E1C4D3C8D00BB76F9 /* SWRevealViewController.h */,
				21F3763F1C4D3C8D00BB76F9 /* SWRevealViewController.m */,
			);
			name = SWRevealViewController;
			path = Source/UI/SWRevealViewController;
			sourceTree = "<group>";
		};
		21F376151C4D356B00BB76F9 /* ViewCell */ = {
			isa = PBXGroup;
			children = (
				21F3762D1C4D360600BB76F9 /* BusTableViewCell.swift */,
				21F3762E1C4D360600BB76F9 /* DirectionTableViewCell.swift */,
				21F3762F1C4D360600BB76F9 /* StationTableViewCell.swift */,
				21F376301C4D360600BB76F9 /* StopTableViewCell.swift */,
				21ECA1B31C51D0E200343377 /* FavoriteTableViewCell.swift */,
				21CE85431C5ABB48004BE8EB /* NearestStationViewCell.swift */,
			);
			name = ViewCell;
			path = Source/UI/ViewCell;
			sourceTree = "<group>";
		};
		21F3761E1C4D359500BB76F9 /* ViewController */ = {
			isa = PBXGroup;
			children = (
				21C51CC41C644E870060817A /* SwiftSWRevealViewController.swift */,
				21C51CC61C64F5A80060817A /* LoadingViewController.swift */,
				21F376221C4D359500BB76F9 /* MenuController.swift */,
				21F3761F1C4D359500BB76F9 /* BusTableViewController.swift */,
				21F376201C4D359500BB76F9 /* DirectionViewController.swift */,
				21F376211C4D359500BB76F9 /* MapViewController.swift */,
				219385281C53CD46006D1F33 /* MapStopViewController.swift */,
				21F376241C4D359500BB76F9 /* StationsViewController.swift */,
				21EC37C01C4E864000343377 /* StopViewController.swift */,
				21EC37DD1C50364B00343377 /* FavoritesViewController.swift */,
				219385441C5692B3006D1F33 /* CompleteHourViewController.swift */,
				214C9AFA1C59658D0099BC1B /* NearestViewController.swift */,
			);
			name = ViewController;
			path = Source/UI/ViewController;
			sourceTree = "<group>";
		};
		4FA64FA67CBCAB0D340D66FB /* Frameworks */ = {
			isa = PBXGroup;
			children = (
				DCAC6D56D0F5E9B471A3483D /* Pods_MonTransit.framework */,
			);
			name = Frameworks;
			sourceTree = "<group>";
		};
		A53D25071A7B4293027A5351 /* Pods */ = {
			isa = PBXGroup;
			children = (
				DAE8057557AE367160BFF92E /* Pods-MonTransit.debug.xcconfig */,
				9274C21B91C6B403719B1F08 /* Pods-MonTransit.release.xcconfig */,
			);
			name = Pods;
			sourceTree = "<group>";
		};
/* End PBXGroup section */

/* Begin PBXNativeTarget section */
		212CB59B1C4D319B00C062C4 /* MonTransit */ = {
			isa = PBXNativeTarget;
			buildConfigurationList = 212CB5B91C4D319B00C062C4 /* Build configuration list for PBXNativeTarget "MonTransit" */;
			buildPhases = (
				88550638E5E83B35F0550777 /* 📦 Check Pods Manifest.lock */,
				212CB5981C4D319B00C062C4 /* Sources */,
				212CB5991C4D319B00C062C4 /* Frameworks */,
				212CB59A1C4D319B00C062C4 /* Resources */,
				21F376391C4D361D00BB76F9 /* Embed Frameworks */,
				DE9317E7D5878BFCBBEEFDE2 /* 📦 Embed Pods Frameworks */,
				2E6C3589C328671FDEC253CB /* 📦 Copy Pods Resources */,
			);
			buildRules = (
			);
			dependencies = (
			);
			name = MonTransit;
			productName = MonTransit;
			productReference = 212CB59C1C4D319B00C062C4 /* MonTransit.app */;
			productType = "com.apple.product-type.application";
		};
		212CB5AF1C4D319B00C062C4 /* MonTransitUITests */ = {
			isa = PBXNativeTarget;
			buildConfigurationList = 212CB5BC1C4D319B00C062C4 /* Build configuration list for PBXNativeTarget "MonTransitUITests" */;
			buildPhases = (
				212CB5AC1C4D319B00C062C4 /* Sources */,
				212CB5AD1C4D319B00C062C4 /* Frameworks */,
				212CB5AE1C4D319B00C062C4 /* Resources */,
			);
			buildRules = (
			);
			dependencies = (
				212CB5B21C4D319B00C062C4 /* PBXTargetDependency */,
			);
			name = MonTransitUITests;
			productName = MonTransitUITests;
			productReference = 212CB5B01C4D319B00C062C4 /* MonTransitUITests.xctest */;
			productType = "com.apple.product-type.bundle.ui-testing";
		};
/* End PBXNativeTarget section */

/* Begin PBXProject section */
		212CB5941C4D319B00C062C4 /* Project object */ = {
			isa = PBXProject;
			attributes = {
				LastSwiftUpdateCheck = 0720;
				LastUpgradeCheck = 0720;
				ORGANIZATIONNAME = Thibault;
				TargetAttributes = {
					212CB59B1C4D319B00C062C4 = {
						CreatedOnToolsVersion = 7.2;
						DevelopmentTeam = MNH6GV9BCZ;
					};
					212CB5AF1C4D319B00C062C4 = {
						CreatedOnToolsVersion = 7.2;
						DevelopmentTeam = MNH6GV9BCZ;
						TestTargetID = 212CB59B1C4D319B00C062C4;
					};
				};
			};
			buildConfigurationList = 212CB5971C4D319B00C062C4 /* Build configuration list for PBXProject "MonTransit" */;
			compatibilityVersion = "Xcode 3.2";
			developmentRegion = English;
			hasScannedForEncodings = 0;
			knownRegions = (
				en,
				Base,
				fr,
			);
			mainGroup = 212CB5931C4D319B00C062C4;
			productRefGroup = 212CB59D1C4D319B00C062C4 /* Products */;
			projectDirPath = "";
			projectRoot = "";
			targets = (
				212CB59B1C4D319B00C062C4 /* MonTransit */,
				212CB5AF1C4D319B00C062C4 /* MonTransitUITests */,
			);
		};
/* End PBXProject section */

/* Begin PBXResourcesBuildPhase section */
		212CB59A1C4D319B00C062C4 /* Resources */ = {
			isa = PBXResourcesBuildPhase;
			buildActionMask = 2147483647;
			files = (
				21066D4C1CFA266000BB26EA /* AdMob.strings in Resources */,
				212CB5A51C4D319B00C062C4 /* Main.storyboard in Resources */,
				21EC37C81C4E88CC00343377 /* Images.xcassets in Resources */,
				21EC37A11C4D3DB700343377 /* LaunchScreen.xib in Resources */,
				210C5F641CF724EA000D993E /* AmtAgency.zip in Resources */,
				21ACB87F1CF61E78004EFCB0 /* PopUpViewController_iPhone6Plus.xib in Resources */,
				210C5F651CF724EA000D993E /* StmAgency.zip in Resources */,
				21ACB8751CF61E4A004EFCB0 /* PopUpViewController.xib in Resources */,
				21ACB8711CF61C5D004EFCB0 /* Localizable.strings in Resources */,
				21F375141C4D34C200BB76F9 /* ic_launcher.png in Resources */,
				21ACB87A1CF61E71004EFCB0 /* PopUpViewController_iPhone6.xib in Resources */,
				21ACB8851CF6627A004EFCB0 /* Agencies.xml in Resources */,
				21C5DC601C6E84CC00EA514E /* CustomMapViewCell.xib in Resources */,
			);
			runOnlyForDeploymentPostprocessing = 0;
		};
		212CB5AE1C4D319B00C062C4 /* Resources */ = {
			isa = PBXResourcesBuildPhase;
			buildActionMask = 2147483647;
			files = (
			);
			runOnlyForDeploymentPostprocessing = 0;
		};
/* End PBXResourcesBuildPhase section */

/* Begin PBXShellScriptBuildPhase section */
		2E6C3589C328671FDEC253CB /* 📦 Copy Pods Resources */ = {
			isa = PBXShellScriptBuildPhase;
			buildActionMask = 2147483647;
			files = (
			);
			inputPaths = (
			);
			name = "📦 Copy Pods Resources";
			outputPaths = (
			);
			runOnlyForDeploymentPostprocessing = 0;
			shellPath = /bin/sh;
			shellScript = "\"${SRCROOT}/Pods/Target Support Files/Pods-MonTransit/Pods-MonTransit-resources.sh\"\n";
			showEnvVarsInLog = 0;
		};
		88550638E5E83B35F0550777 /* 📦 Check Pods Manifest.lock */ = {
			isa = PBXShellScriptBuildPhase;
			buildActionMask = 2147483647;
			files = (
			);
			inputPaths = (
			);
			name = "📦 Check Pods Manifest.lock";
			outputPaths = (
			);
			runOnlyForDeploymentPostprocessing = 0;
			shellPath = /bin/sh;
			shellScript = "diff \"${PODS_ROOT}/../Podfile.lock\" \"${PODS_ROOT}/Manifest.lock\" > /dev/null\nif [[ $? != 0 ]] ; then\n    cat << EOM\nerror: The sandbox is not in sync with the Podfile.lock. Run 'pod install' or update your CocoaPods installation.\nEOM\n    exit 1\nfi\n";
			showEnvVarsInLog = 0;
		};
		DE9317E7D5878BFCBBEEFDE2 /* 📦 Embed Pods Frameworks */ = {
			isa = PBXShellScriptBuildPhase;
			buildActionMask = 2147483647;
			files = (
			);
			inputPaths = (
			);
			name = "📦 Embed Pods Frameworks";
			outputPaths = (
			);
			runOnlyForDeploymentPostprocessing = 0;
			shellPath = /bin/sh;
			shellScript = "\"${SRCROOT}/Pods/Target Support Files/Pods-MonTransit/Pods-MonTransit-frameworks.sh\"\n";
			showEnvVarsInLog = 0;
		};
/* End PBXShellScriptBuildPhase section */

/* Begin PBXSourcesBuildPhase section */
		212CB5981C4D319B00C062C4 /* Sources */ = {
			isa = PBXSourcesBuildPhase;
			buildActionMask = 2147483647;
			files = (
				21E2DD851C6940BF00522702 /* AgencyProtocol.swift in Sources */,
				212CB5A01C4D319B00C062C4 /* AppDelegate.swift in Sources */,
				21E2DD941C694F4800522702 /* AgencyManager.swift in Sources */,
				21C51CC71C64F5A80060817A /* LoadingViewController.swift in Sources */,
				21C51C171C6040740060817A /* EventDispatcher.swift in Sources */,
				21F375CC1C4D351400BB76F9 /* TripObject.swift in Sources */,
				21ACB8871CF66E7D004EFCB0 /* XmlParser.swift in Sources */,
				219385431C5687E0006D1F33 /* RoundedButton.swift in Sources */,
				21F3758F1C4D351400BB76F9 /* StopDataProvider.swift in Sources */,
				21F375CA1C4D351400BB76F9 /* StationObject.swift in Sources */,
				21F376291C4D359500BB76F9 /* MenuController.swift in Sources */,
				21C5DC091C6BAF2600EA514E /* iAdBannerView.swift in Sources */,
				21F376331C4D360600BB76F9 /* StationTableViewCell.swift in Sources */,
				21F3762B1C4D359500BB76F9 /* StationsViewController.swift in Sources */,
				21F3758D1C4D351400BB76F9 /* ServiceDateDataProvider.swift in Sources */,
				21ECA1B21C512A5F00343377 /* Agency.swift in Sources */,
				21F376311C4D360600BB76F9 /* BusTableViewCell.swift in Sources */,
				21066D431CF908E400BB26EA /* ConnectivityReach.swift in Sources */,
				21ECA1B41C51D0E200343377 /* FavoriteTableViewCell.swift in Sources */,
				21F375D91C4D351400BB76F9 /* SQLProvider.swift in Sources */,
				21F376321C4D360600BB76F9 /* DirectionTableViewCell.swift in Sources */,
				21F376401C4D3C8D00BB76F9 /* SWRevealViewController.m in Sources */,
				21EC37BB1C4DCEC500343377 /* StringUtils.swift in Sources */,
				21F375901C4D351400BB76F9 /* TripDataProviderHelper.swift in Sources */,
				21C51CC51C644E870060817A /* SwiftSWRevealViewController.swift in Sources */,
				21F3758C1C4D351400BB76F9 /* BusDataProviderHelper.swift in Sources */,
				21F376271C4D359500BB76F9 /* DirectionViewController.swift in Sources */,
				21F376341C4D360600BB76F9 /* StopTableViewCell.swift in Sources */,
				21F375C81C4D351400BB76F9 /* BusObject.swift in Sources */,
				219385471C56DF52006D1F33 /* DatePickerDialog.swift in Sources */,
				21CE85441C5ABB48004BE8EB /* NearestStationViewCell.swift in Sources */,
				21EC37C11C4E864000343377 /* StopViewController.swift in Sources */,
				21EC37DE1C50364B00343377 /* FavoritesViewController.swift in Sources */,
				21EC37DA1C500AB100343377 /* FavoritesDataProviderHelper.swift in Sources */,
				219385291C53CD46006D1F33 /* MapStopViewController.swift in Sources */,
				21F3751C1C4D350000BB76F9 /* File.swift in Sources */,
				219385411C540D85006D1F33 /* SwiftNotice.swift in Sources */,
				21EC37B91C4D825300343377 /* CLLocationCoordinate2D.swift in Sources */,
				21F3751B1C4D350000BB76F9 /* ColorUtils.swift in Sources */,
				219385491C56FC5D006D1F33 /* DateUtils.swift in Sources */,
				214C9AFB1C59658D0099BC1B /* NearestViewController.swift in Sources */,
				21C5DC5C1C6D244100EA514E /* PopUpViewControllerSwift.swift in Sources */,
				21EC37C51C4E873800343377 /* StopImageView.swift in Sources */,
				21F3758E1C4D351400BB76F9 /* StationDataProviderHelper.swift in Sources */,
				21066D411CF8F12500BB26EA /* UpdateDialogView.swift in Sources */,
				21C51C261C6292260060817A /* JsonAgencyAlert.swift in Sources */,
				21C5DC5F1C6E84CC00EA514E /* CustomMapViewCell.swift in Sources */,
				21EC37DC1C50249F00343377 /* FavoriteObject.swift in Sources */,
				21F375C91C4D351400BB76F9 /* GTFSTimeObject.swift in Sources */,
				21F376281C4D359500BB76F9 /* MapViewController.swift in Sources */,
				2163E8B91CF79E2C00570155 /* FBCustomAnnotation.swift in Sources */,
				21A2CC221C66C5B000C6E031 /* ZipLoader.swift in Sources */,
				214C9AF21C5954520099BC1B /* NearestObject.swift in Sources */,
				21F376261C4D359500BB76F9 /* BusTableViewController.swift in Sources */,
				219385451C5692B3006D1F33 /* CompleteHourViewController.swift in Sources */,
			);
			runOnlyForDeploymentPostprocessing = 0;
		};
		212CB5AC1C4D319B00C062C4 /* Sources */ = {
			isa = PBXSourcesBuildPhase;
			buildActionMask = 2147483647;
			files = (
				212CB5B51C4D319B00C062C4 /* MonTransitUITests.swift in Sources */,
			);
			runOnlyForDeploymentPostprocessing = 0;
		};
/* End PBXSourcesBuildPhase section */

/* Begin PBXTargetDependency section */
		212CB5B21C4D319B00C062C4 /* PBXTargetDependency */ = {
			isa = PBXTargetDependency;
			target = 212CB59B1C4D319B00C062C4 /* MonTransit */;
			targetProxy = 212CB5B11C4D319B00C062C4 /* PBXContainerItemProxy */;
		};
/* End PBXTargetDependency section */

/* Begin PBXVariantGroup section */
		212CB5A31C4D319B00C062C4 /* Main.storyboard */ = {
			isa = PBXVariantGroup;
			children = (
				212CB5A41C4D319B00C062C4 /* Base */,
				21ACB86C1CF5FCD0004EFCB0 /* fr */,
			);
			name = Main.storyboard;
			sourceTree = "<group>";
		};
		2162A9781CF7F2CB0048DD5A /* Info.plist */ = {
			isa = PBXVariantGroup;
			children = (
				2162A9771CF7F2CB0048DD5A /* Base */,
				2162A9791CF7F2CE0048DD5A /* fr */,
			);
			name = Info.plist;
			sourceTree = "<group>";
		};
		21ACB8731CF61C5D004EFCB0 /* Localizable.strings */ = {
			isa = PBXVariantGroup;
			children = (
				21ACB8721CF61C5D004EFCB0 /* Base */,
				21ACB8741CF61C68004EFCB0 /* fr */,
			);
			name = Localizable.strings;
			sourceTree = "<group>";
		};
		21ACB8771CF61E4A004EFCB0 /* PopUpViewController.xib */ = {
			isa = PBXVariantGroup;
			children = (
				21ACB8761CF61E4A004EFCB0 /* Base */,
				21ACB8791CF61E61004EFCB0 /* fr */,
			);
			name = PopUpViewController.xib;
			sourceTree = "<group>";
		};
		21ACB87C1CF61E71004EFCB0 /* PopUpViewController_iPhone6.xib */ = {
			isa = PBXVariantGroup;
			children = (
				21ACB87B1CF61E71004EFCB0 /* Base */,
				21ACB87E1CF61E73004EFCB0 /* fr */,
			);
			name = PopUpViewController_iPhone6.xib;
			sourceTree = "<group>";
		};
		21ACB8811CF61E78004EFCB0 /* PopUpViewController_iPhone6Plus.xib */ = {
			isa = PBXVariantGroup;
			children = (
				21ACB8801CF61E78004EFCB0 /* Base */,
				21ACB8831CF61E7A004EFCB0 /* fr */,
			);
			name = PopUpViewController_iPhone6Plus.xib;
			sourceTree = "<group>";
		};
		21EC379F1C4D3DB700343377 /* LaunchScreen.xib */ = {
			isa = PBXVariantGroup;
			children = (
				21EC37A01C4D3DB700343377 /* Base */,
				21ACB86D1CF5FCD1004EFCB0 /* fr */,
			);
			name = LaunchScreen.xib;
			sourceTree = "<group>";
		};
/* End PBXVariantGroup section */

/* Begin XCBuildConfiguration section */
		212CB5B71C4D319B00C062C4 /* Debug */ = {
			isa = XCBuildConfiguration;
			buildSettings = {
				ALWAYS_SEARCH_USER_PATHS = NO;
				CLANG_CXX_LANGUAGE_STANDARD = "gnu++0x";
				CLANG_CXX_LIBRARY = "libc++";
				CLANG_ENABLE_MODULES = YES;
				CLANG_ENABLE_OBJC_ARC = YES;
				CLANG_WARN_BOOL_CONVERSION = YES;
				CLANG_WARN_CONSTANT_CONVERSION = YES;
				CLANG_WARN_DIRECT_OBJC_ISA_USAGE = YES_ERROR;
				CLANG_WARN_EMPTY_BODY = YES;
				CLANG_WARN_ENUM_CONVERSION = YES;
				CLANG_WARN_INT_CONVERSION = YES;
				CLANG_WARN_OBJC_ROOT_CLASS = YES_ERROR;
				CLANG_WARN_UNREACHABLE_CODE = YES;
				CLANG_WARN__DUPLICATE_METHOD_MATCH = YES;
				"CODE_SIGN_IDENTITY[sdk=iphoneos*]" = "iPhone Developer";
				COPY_PHASE_STRIP = NO;
				DEBUG_INFORMATION_FORMAT = dwarf;
				ENABLE_STRICT_OBJC_MSGSEND = YES;
				ENABLE_TESTABILITY = YES;
				GCC_C_LANGUAGE_STANDARD = gnu99;
				GCC_DYNAMIC_NO_PIC = NO;
				GCC_NO_COMMON_BLOCKS = YES;
				GCC_OPTIMIZATION_LEVEL = 0;
				GCC_PREPROCESSOR_DEFINITIONS = (
					"DEBUG=1",
					"$(inherited)",
				);
				GCC_WARN_64_TO_32_BIT_CONVERSION = YES;
				GCC_WARN_ABOUT_RETURN_TYPE = YES_ERROR;
				GCC_WARN_UNDECLARED_SELECTOR = YES;
				GCC_WARN_UNINITIALIZED_AUTOS = YES_AGGRESSIVE;
				GCC_WARN_UNUSED_FUNCTION = YES;
				GCC_WARN_UNUSED_VARIABLE = YES;
				IPHONEOS_DEPLOYMENT_TARGET = 9.2;
				MTL_ENABLE_DEBUG_INFO = YES;
				ONLY_ACTIVE_ARCH = YES;
				SDKROOT = iphoneos;
				SWIFT_OPTIMIZATION_LEVEL = "-Onone";
				TARGETED_DEVICE_FAMILY = "1,2";
			};
			name = Debug;
		};
		212CB5B81C4D319B00C062C4 /* Release */ = {
			isa = XCBuildConfiguration;
			buildSettings = {
				ALWAYS_SEARCH_USER_PATHS = NO;
				CLANG_CXX_LANGUAGE_STANDARD = "gnu++0x";
				CLANG_CXX_LIBRARY = "libc++";
				CLANG_ENABLE_MODULES = YES;
				CLANG_ENABLE_OBJC_ARC = YES;
				CLANG_WARN_BOOL_CONVERSION = YES;
				CLANG_WARN_CONSTANT_CONVERSION = YES;
				CLANG_WARN_DIRECT_OBJC_ISA_USAGE = YES_ERROR;
				CLANG_WARN_EMPTY_BODY = YES;
				CLANG_WARN_ENUM_CONVERSION = YES;
				CLANG_WARN_INT_CONVERSION = YES;
				CLANG_WARN_OBJC_ROOT_CLASS = YES_ERROR;
				CLANG_WARN_UNREACHABLE_CODE = YES;
				CLANG_WARN__DUPLICATE_METHOD_MATCH = YES;
				"CODE_SIGN_IDENTITY[sdk=iphoneos*]" = "iPhone Developer";
				COPY_PHASE_STRIP = NO;
				DEBUG_INFORMATION_FORMAT = "dwarf-with-dsym";
				ENABLE_NS_ASSERTIONS = NO;
				ENABLE_STRICT_OBJC_MSGSEND = YES;
				GCC_C_LANGUAGE_STANDARD = gnu99;
				GCC_NO_COMMON_BLOCKS = YES;
				GCC_WARN_64_TO_32_BIT_CONVERSION = YES;
				GCC_WARN_ABOUT_RETURN_TYPE = YES_ERROR;
				GCC_WARN_UNDECLARED_SELECTOR = YES;
				GCC_WARN_UNINITIALIZED_AUTOS = YES_AGGRESSIVE;
				GCC_WARN_UNUSED_FUNCTION = YES;
				GCC_WARN_UNUSED_VARIABLE = YES;
				IPHONEOS_DEPLOYMENT_TARGET = 9.2;
				MTL_ENABLE_DEBUG_INFO = NO;
				SDKROOT = iphoneos;
				TARGETED_DEVICE_FAMILY = "1,2";
				VALIDATE_PRODUCT = YES;
			};
			name = Release;
		};
		212CB5BA1C4D319B00C062C4 /* Debug */ = {
			isa = XCBuildConfiguration;
			baseConfigurationReference = DAE8057557AE367160BFF92E /* Pods-MonTransit.debug.xcconfig */;
			buildSettings = {
				ASSETCATALOG_COMPILER_APPICON_NAME = AppIcon;
				CLANG_ENABLE_MODULES = YES;
				CODE_SIGN_IDENTITY = "iPhone Developer";
				CURRENT_PROJECT_VERSION = "";
				EMBEDDED_CONTENT_CONTAINS_SWIFT = YES;
				ENABLE_BITCODE = NO;
				FRAMEWORK_SEARCH_PATHS = (
					"$(inherited)",
					"$(PROJECT_DIR)/MonTransit/Source/Utils",
				);
				INFOPLIST_FILE = MonTransit/Info.plist;
				IPHONEOS_DEPLOYMENT_TARGET = 8.1;
				LD_RUNPATH_SEARCH_PATHS = "$(inherited) @executable_path/Frameworks";
				PRODUCT_BUNDLE_IDENTIFIER = "Thibault.-";
				PRODUCT_NAME = "$(TARGET_NAME)";
				SWIFT_OBJC_BRIDGING_HEADER = "MonTransit/Source/UI/SWRevealViewController/MonTransit-Bridging-Header.h";
				SWIFT_OPTIMIZATION_LEVEL = "-Onone";
				VERSIONING_SYSTEM = "";
			};
			name = Debug;
		};
		212CB5BB1C4D319B00C062C4 /* Release */ = {
			isa = XCBuildConfiguration;
			baseConfigurationReference = 9274C21B91C6B403719B1F08 /* Pods-MonTransit.release.xcconfig */;
			buildSettings = {
				ASSETCATALOG_COMPILER_APPICON_NAME = AppIcon;
				CLANG_ENABLE_MODULES = YES;
				CODE_SIGN_IDENTITY = "iPhone Developer";
				CURRENT_PROJECT_VERSION = "";
				EMBEDDED_CONTENT_CONTAINS_SWIFT = YES;
				ENABLE_BITCODE = NO;
				FRAMEWORK_SEARCH_PATHS = (
					"$(inherited)",
					"$(PROJECT_DIR)/MonTransit/Source/Utils",
				);
				INFOPLIST_FILE = MonTransit/Info.plist;
				IPHONEOS_DEPLOYMENT_TARGET = 8.1;
				LD_RUNPATH_SEARCH_PATHS = "$(inherited) @executable_path/Frameworks";
				PRODUCT_BUNDLE_IDENTIFIER = "Thibault.-";
				PRODUCT_NAME = "$(TARGET_NAME)";
				SWIFT_OBJC_BRIDGING_HEADER = "MonTransit/Source/UI/SWRevealViewController/MonTransit-Bridging-Header.h";
				VERSIONING_SYSTEM = "";
			};
			name = Release;
		};
		212CB5BD1C4D319B00C062C4 /* Debug */ = {
			isa = XCBuildConfiguration;
			buildSettings = {
				INFOPLIST_FILE = MonTransitUITests/Info.plist;
				LD_RUNPATH_SEARCH_PATHS = "$(inherited) @executable_path/Frameworks @loader_path/Frameworks";
				PRODUCT_BUNDLE_IDENTIFIER = perso.MonTransitUITests;
				PRODUCT_NAME = "$(TARGET_NAME)";
				TEST_TARGET_NAME = MonTransit;
				USES_XCTRUNNER = YES;
			};
			name = Debug;
		};
		212CB5BE1C4D319B00C062C4 /* Release */ = {
			isa = XCBuildConfiguration;
			buildSettings = {
				INFOPLIST_FILE = MonTransitUITests/Info.plist;
				LD_RUNPATH_SEARCH_PATHS = "$(inherited) @executable_path/Frameworks @loader_path/Frameworks";
				PRODUCT_BUNDLE_IDENTIFIER = perso.MonTransitUITests;
				PRODUCT_NAME = "$(TARGET_NAME)";
				TEST_TARGET_NAME = MonTransit;
				USES_XCTRUNNER = YES;
			};
			name = Release;
		};
/* End XCBuildConfiguration section */

/* Begin XCConfigurationList section */
		212CB5971C4D319B00C062C4 /* Build configuration list for PBXProject "MonTransit" */ = {
			isa = XCConfigurationList;
			buildConfigurations = (
				212CB5B71C4D319B00C062C4 /* Debug */,
				212CB5B81C4D319B00C062C4 /* Release */,
			);
			defaultConfigurationIsVisible = 0;
			defaultConfigurationName = Release;
		};
		212CB5B91C4D319B00C062C4 /* Build configuration list for PBXNativeTarget "MonTransit" */ = {
			isa = XCConfigurationList;
			buildConfigurations = (
				212CB5BA1C4D319B00C062C4 /* Debug */,
				212CB5BB1C4D319B00C062C4 /* Release */,
			);
			defaultConfigurationIsVisible = 0;
			defaultConfigurationName = Release;
		};
		212CB5BC1C4D319B00C062C4 /* Build configuration list for PBXNativeTarget "MonTransitUITests" */ = {
			isa = XCConfigurationList;
			buildConfigurations = (
				212CB5BD1C4D319B00C062C4 /* Debug */,
				212CB5BE1C4D319B00C062C4 /* Release */,
			);
			defaultConfigurationIsVisible = 0;
			defaultConfigurationName = Release;
		};
/* End XCConfigurationList section */
	};
	rootObject = 212CB5941C4D319B00C062C4 /* Project object */;
}
